PODS:
  - Alamofire (5.0.0-rc.2)
  - AlamofireObjectMapper (6.2.0):
    - Alamofire (= 5.0.0-rc.2)
    - ObjectMapper (~> 3.5.1)
  - ObjectMapper (3.5.3)
  - SwiftLint (0.43.1)

DEPENDENCIES:
  - Alamofire (~> 5.0.0-rc.2)
  - AlamofireObjectMapper
  - ObjectMapper
  - SwiftLint

SPEC REPOS:
  trunk:
    - Alamofire
    - AlamofireObjectMapper
    - ObjectMapper
    - SwiftLint

SPEC CHECKSUMS:
  Alamofire: f9450d3c7f6bea2ad62e7a541c3e9b186c7991d6
  AlamofireObjectMapper: 74d1440c92c42bbcc2b5f4dc81654ac095ec669f
  ObjectMapper: 97111c97e054a6ee25917662106689f0b4127b37
  SwiftLint: 99f82d07b837b942dd563c668de129a03fc3fb52

PODFILE CHECKSUM: 5d9671fd90fc5f17291c63671e7878bf14f9c72f

COCOAPODS: 1.10.1
