// !$*UTF8*$!
{
	archiveVersion = 1;
	classes = {
	};
	objectVersion = 51;
	objects = {

/* Begin PBXBuildFile section */
		78867BC61624D507DC192D11 /* Pods_MoViesC.framework in Frameworks */ = {isa = PBXBuildFile; fileRef = DE11F0C1119F0B5CD4ED81FF /* Pods_MoViesC.framework */; };
		C20615C326AC7CCE0085DF6F /* MovieManager.swift in Sources */ = {isa = PBXBuildFile; fileRef = C20615C226AC7CCE0085DF6F /* MovieManager.swift */; };
		C21448E426A8E5E600E72E0E /* AppDelegate.swift in Sources */ = {isa = PBXBuildFile; fileRef = C21448E326A8E5E600E72E0E /* AppDelegate.swift */; };
		C21448E626A8E5E600E72E0E /* SceneDelegate.swift in Sources */ = {isa = PBXBuildFile; fileRef = C21448E526A8E5E600E72E0E /* SceneDelegate.swift */; };
		C21448E826A8E5E600E72E0E /* LoginViewController.swift in Sources */ = {isa = PBXBuildFile; fileRef = C21448E726A8E5E600E72E0E /* LoginViewController.swift */; };
		C21448EB26A8E5E600E72E0E /* Auth.storyboard in Resources */ = {isa = PBXBuildFile; fileRef = C21448E926A8E5E600E72E0E /* Auth.storyboard */; };
		C21448ED26A8E5E700E72E0E /* Assets.xcassets in Resources */ = {isa = PBXBuildFile; fileRef = C21448EC26A8E5E700E72E0E /* Assets.xcassets */; };
		C21448F026A8E5E700E72E0E /* LaunchScreen.storyboard in Resources */ = {isa = PBXBuildFile; fileRef = C21448EE26A8E5E700E72E0E /* LaunchScreen.storyboard */; };
		C214491426A8EAD200E72E0E /* LoginViewControllerTests.swift in Sources */ = {isa = PBXBuildFile; fileRef = C214491326A8EAD200E72E0E /* LoginViewControllerTests.swift */; };
		C229113826AD916000C8EEE8 /* MovieDetails.swift in Sources */ = {isa = PBXBuildFile; fileRef = C229113726AD916000C8EEE8 /* MovieDetails.swift */; };
		C22E222326AB890300201EEC /* GenreMovieCollectionViewCell.swift in Sources */ = {isa = PBXBuildFile; fileRef = C22E222126AB890300201EEC /* GenreMovieCollectionViewCell.swift */; };
		C22E222426AB890300201EEC /* GenreMovieCollectionViewCell.xib in Resources */ = {isa = PBXBuildFile; fileRef = C22E222226AB890300201EEC /* GenreMovieCollectionViewCell.xib */; };
		C22E222626AB9DEF00201EEC /* MovieListingController.swift in Sources */ = {isa = PBXBuildFile; fileRef = C22E222526AB9DEF00201EEC /* MovieListingController.swift */; };
		C23D9DA426B7018700A6308D /* UIImageView+Extensions.swift in Sources */ = {isa = PBXBuildFile; fileRef = C23D9DA326B7018700A6308D /* UIImageView+Extensions.swift */; };
		C23D9DA726B703BB00A6308D /* MoviePage.swift in Sources */ = {isa = PBXBuildFile; fileRef = C23D9DA626B703BB00A6308D /* MoviePage.swift */; };
		C23D9DA926B7097700A6308D /* InfiniteMovieListingController.swift in Sources */ = {isa = PBXBuildFile; fileRef = C23D9DA826B7097700A6308D /* InfiniteMovieListingController.swift */; };
		C23D9DAB26B7200400A6308D /* MovieListingPageManager.swift in Sources */ = {isa = PBXBuildFile; fileRef = C23D9DAA26B7200400A6308D /* MovieListingPageManager.swift */; };
		C23D9DAF26B721F800A6308D /* MovieSearchPager.swift in Sources */ = {isa = PBXBuildFile; fileRef = C23D9DAE26B721F800A6308D /* MovieSearchPager.swift */; };
		C23D9DB126B7223E00A6308D /* FavouritesPager.swift in Sources */ = {isa = PBXBuildFile; fileRef = C23D9DB026B7223E00A6308D /* FavouritesPager.swift */; };
		C23D9DB326B7225E00A6308D /* GenreMoviesPager.swift in Sources */ = {isa = PBXBuildFile; fileRef = C23D9DB226B7225E00A6308D /* GenreMoviesPager.swift */; };
		C23D9DB526B723D600A6308D /* InfiniteMovieListingControllerDelegate.swift in Sources */ = {isa = PBXBuildFile; fileRef = C23D9DB426B723D600A6308D /* InfiniteMovieListingControllerDelegate.swift */; };
		C241A63E26AF97AF008E4EC5 /* WithLoadingIndicator.swift in Sources */ = {isa = PBXBuildFile; fileRef = C241A63D26AF97AF008E4EC5 /* WithLoadingIndicator.swift */; };
		C250E46326AA2994008A95AF /* Genre.swift in Sources */ = {isa = PBXBuildFile; fileRef = C250E46226AA2994008A95AF /* Genre.swift */; };
		C250E46526AA2D11008A95AF /* Main.storyboard in Resources */ = {isa = PBXBuildFile; fileRef = C250E46426AA2D11008A95AF /* Main.storyboard */; };
		C250E46726AA2DE4008A95AF /* DiscoverViewController.swift in Sources */ = {isa = PBXBuildFile; fileRef = C250E46626AA2DE4008A95AF /* DiscoverViewController.swift */; };
		C250E46A26AA2E78008A95AF /* GenreTableViewCell.swift in Sources */ = {isa = PBXBuildFile; fileRef = C250E46826AA2E78008A95AF /* GenreTableViewCell.swift */; };
		C250E46B26AA2E78008A95AF /* GenreTableViewCell.xib in Resources */ = {isa = PBXBuildFile; fileRef = C250E46926AA2E78008A95AF /* GenreTableViewCell.xib */; };
		C250E46D26AA38CC008A95AF /* GenresResponse.swift in Sources */ = {isa = PBXBuildFile; fileRef = C250E46C26AA38CC008A95AF /* GenresResponse.swift */; };
		C250E46F26AA3F0F008A95AF /* DiscoverMovieResponse.swift in Sources */ = {isa = PBXBuildFile; fileRef = C250E46E26AA3F0F008A95AF /* DiscoverMovieResponse.swift */; };
		C250E47126AA3F86008A95AF /* Movie.swift in Sources */ = {isa = PBXBuildFile; fileRef = C250E47026AA3F86008A95AF /* Movie.swift */; };
		C256A27526B4C06900E1B23D /* SessionIdCreation.swift in Sources */ = {isa = PBXBuildFile; fileRef = C256A27426B4C06900E1B23D /* SessionIdCreation.swift */; };
		C256A27726B4C38700E1B23D /* TokenValidationResponse.swift in Sources */ = {isa = PBXBuildFile; fileRef = C256A27626B4C38700E1B23D /* TokenValidationResponse.swift */; };
		C256A27926B4DF3000E1B23D /* FavouritesViewController.swift in Sources */ = {isa = PBXBuildFile; fileRef = C256A27826B4DF3000E1B23D /* FavouritesViewController.swift */; };
		C25A6B1C26BA0373006A7EB5 /* AppendingMovieListingController.swift in Sources */ = {isa = PBXBuildFile; fileRef = C25A6B1B26BA0373006A7EB5 /* AppendingMovieListingController.swift */; };
		C26DBA8226B8BE340053DBD5 /* PeerViewController.swift in Sources */ = {isa = PBXBuildFile; fileRef = C26DBA8126B8BE340053DBD5 /* PeerViewController.swift */; };
		C26DBA8426B8C6720053DBD5 /* MovieSharing.swift in Sources */ = {isa = PBXBuildFile; fileRef = C26DBA8326B8C6720053DBD5 /* MovieSharing.swift */; };
		C270630F26ADB5F7005F1470 /* WithSegues.swift in Sources */ = {isa = PBXBuildFile; fileRef = C270630E26ADB5F7005F1470 /* WithSegues.swift */; };
		C273254926B0C803000D4AD0 /* SearchViewController.swift in Sources */ = {isa = PBXBuildFile; fileRef = C273254826B0C803000D4AD0 /* SearchViewController.swift */; };
		C273254B26B0D7C9000D4AD0 /* GenreMovieListingController.swift in Sources */ = {isa = PBXBuildFile; fileRef = C273254A26B0D7C9000D4AD0 /* GenreMovieListingController.swift */; };
		C273254E26B0E335000D4AD0 /* RatedMovieCollectionViewCell.swift in Sources */ = {isa = PBXBuildFile; fileRef = C273254C26B0E335000D4AD0 /* RatedMovieCollectionViewCell.swift */; };
		C273254F26B0E335000D4AD0 /* RatedMovieCollectionViewCell.xib in Resources */ = {isa = PBXBuildFile; fileRef = C273254D26B0E335000D4AD0 /* RatedMovieCollectionViewCell.xib */; };
		C27F0B6E26B6FA6000D602D2 /* Notification.Name+Extensions.swift in Sources */ = {isa = PBXBuildFile; fileRef = C27F0B6D26B6FA6000D602D2 /* Notification.Name+Extensions.swift */; };
		C27F0B7126B6FAB400D602D2 /* LocalKeychainManager.swift in Sources */ = {isa = PBXBuildFile; fileRef = C27F0B7026B6FAB400D602D2 /* LocalKeychainManager.swift */; };
		C27F0B7326B6FAD500D602D2 /* Session.swift in Sources */ = {isa = PBXBuildFile; fileRef = C27F0B7226B6FAD500D602D2 /* Session.swift */; };
		C27F0B7526B6FAE900D602D2 /* UserCredentials.swift in Sources */ = {isa = PBXBuildFile; fileRef = C27F0B7426B6FAE900D602D2 /* UserCredentials.swift */; };
		C28C45C826AF7399005BE8AA /* TheMovieDatabase.swift in Sources */ = {isa = PBXBuildFile; fileRef = C28C45C726AF7399005BE8AA /* TheMovieDatabase.swift */; };
		C28C45CB26AF7D0C005BE8AA /* GenreMovieCollectionReusableView.swift in Sources */ = {isa = PBXBuildFile; fileRef = C28C45C926AF7D0C005BE8AA /* GenreMovieCollectionReusableView.swift */; };
		C28C45CC26AF7D0C005BE8AA /* GenreMovieCollectionReusableView.xib in Resources */ = {isa = PBXBuildFile; fileRef = C28C45CA26AF7D0C005BE8AA /* GenreMovieCollectionReusableView.xib */; };
		C28C45CE26AF8468005BE8AA /* GenreDetailsViewController.swift in Sources */ = {isa = PBXBuildFile; fileRef = C28C45CD26AF8468005BE8AA /* GenreDetailsViewController.swift */; };
		C29034DB26BB5C0F00A521E1 /* GradientOverlayView.swift in Sources */ = {isa = PBXBuildFile; fileRef = C29034DA26BB5C0F00A521E1 /* GradientOverlayView.swift */; };
		C29034DD26BB6E7500A521E1 /* ErrorMessageManager.swift in Sources */ = {isa = PBXBuildFile; fileRef = C29034DC26BB6E7500A521E1 /* ErrorMessageManager.swift */; };
		C2A3023726A90698008BBA7D /* APIRoute.swift in Sources */ = {isa = PBXBuildFile; fileRef = C2A3023426A90698008BBA7D /* APIRoute.swift */; };
		C2A3023826A90698008BBA7D /* MovieDBRoute.swift in Sources */ = {isa = PBXBuildFile; fileRef = C2A3023526A90698008BBA7D /* MovieDBRoute.swift */; };
		C2A3023926A90698008BBA7D /* APIClient.swift in Sources */ = {isa = PBXBuildFile; fileRef = C2A3023626A90698008BBA7D /* APIClient.swift */; };
		C2A3023C26A908A5008BBA7D /* MovieDBRouteTests.swift in Sources */ = {isa = PBXBuildFile; fileRef = C2A3023B26A908A5008BBA7D /* MovieDBRouteTests.swift */; };
		C2A3023E26A909A8008BBA7D /* RequestTokenCreation.swift in Sources */ = {isa = PBXBuildFile; fileRef = C2A3023D26A909A8008BBA7D /* RequestTokenCreation.swift */; };
		C2D50BF526AC9AAB00FB6BF0 /* MovieDetailsViewController.swift in Sources */ = {isa = PBXBuildFile; fileRef = C2D50BF426AC9AAB00FB6BF0 /* MovieDetailsViewController.swift */; };
		C2F01D7726B2378C00D457F8 /* SessionManager.swift in Sources */ = {isa = PBXBuildFile; fileRef = C2F01D7626B2378C00D457F8 /* SessionManager.swift */; };
		C2FFB2F426B58B700008F3E9 /* AccountDetails.swift in Sources */ = {isa = PBXBuildFile; fileRef = C2FFB2F326B58B700008F3E9 /* AccountDetails.swift */; };
		C2FFB2F626B5902C0008F3E9 /* MarkFavouriteResponse.swift in Sources */ = {isa = PBXBuildFile; fileRef = C2FFB2F526B5902C0008F3E9 /* MarkFavouriteResponse.swift */; };
		C2FFB2FA26B5A35D0008F3E9 /* MainTabBarController.swift in Sources */ = {isa = PBXBuildFile; fileRef = C2FFB2F926B5A35D0008F3E9 /* MainTabBarController.swift */; };
/* End PBXBuildFile section */

/* Begin PBXContainerItemProxy section */
		C21448F726A8E5E700E72E0E /* PBXContainerItemProxy */ = {
			isa = PBXContainerItemProxy;
			containerPortal = C21448D826A8E5E600E72E0E /* Project object */;
			proxyType = 1;
			remoteGlobalIDString = C21448DF26A8E5E600E72E0E;
			remoteInfo = MoViesC;
		};
/* End PBXContainerItemProxy section */

/* Begin PBXFileReference section */
		1580DCB23B3FEBF5CD263BEF /* Pods-MoViesC.debug.xcconfig */ = {isa = PBXFileReference; includeInIndex = 1; lastKnownFileType = text.xcconfig; name = "Pods-MoViesC.debug.xcconfig"; path = "Target Support Files/Pods-MoViesC/Pods-MoViesC.debug.xcconfig"; sourceTree = "<group>"; };
		47AA0F744694FAE3B2932722 /* Pods-MoViesC.release.xcconfig */ = {isa = PBXFileReference; includeInIndex = 1; lastKnownFileType = text.xcconfig; name = "Pods-MoViesC.release.xcconfig"; path = "Target Support Files/Pods-MoViesC/Pods-MoViesC.release.xcconfig"; sourceTree = "<group>"; };
		C20615C226AC7CCE0085DF6F /* MovieManager.swift */ = {isa = PBXFileReference; lastKnownFileType = sourcecode.swift; path = MovieManager.swift; sourceTree = "<group>"; };
		C21448E026A8E5E600E72E0E /* MoViesC.app */ = {isa = PBXFileReference; explicitFileType = wrapper.application; includeInIndex = 0; path = MoViesC.app; sourceTree = BUILT_PRODUCTS_DIR; };
		C21448E326A8E5E600E72E0E /* AppDelegate.swift */ = {isa = PBXFileReference; lastKnownFileType = sourcecode.swift; path = AppDelegate.swift; sourceTree = "<group>"; };
		C21448E526A8E5E600E72E0E /* SceneDelegate.swift */ = {isa = PBXFileReference; lastKnownFileType = sourcecode.swift; path = SceneDelegate.swift; sourceTree = "<group>"; };
		C21448E726A8E5E600E72E0E /* LoginViewController.swift */ = {isa = PBXFileReference; lastKnownFileType = sourcecode.swift; path = LoginViewController.swift; sourceTree = "<group>"; };
		C21448EA26A8E5E600E72E0E /* Base */ = {isa = PBXFileReference; lastKnownFileType = file.storyboard; name = Base; path = Base.lproj/Auth.storyboard; sourceTree = "<group>"; };
		C21448EC26A8E5E700E72E0E /* Assets.xcassets */ = {isa = PBXFileReference; lastKnownFileType = folder.assetcatalog; path = Assets.xcassets; sourceTree = "<group>"; };
		C21448EF26A8E5E700E72E0E /* Base */ = {isa = PBXFileReference; lastKnownFileType = file.storyboard; name = Base; path = Base.lproj/LaunchScreen.storyboard; sourceTree = "<group>"; };
		C21448F126A8E5E700E72E0E /* Info.plist */ = {isa = PBXFileReference; lastKnownFileType = text.plist.xml; path = Info.plist; sourceTree = "<group>"; };
		C21448F626A8E5E700E72E0E /* MoViesCTests.xctest */ = {isa = PBXFileReference; explicitFileType = wrapper.cfbundle; includeInIndex = 0; path = MoViesCTests.xctest; sourceTree = BUILT_PRODUCTS_DIR; };
		C21448FC26A8E5E700E72E0E /* Info.plist */ = {isa = PBXFileReference; lastKnownFileType = text.plist.xml; path = Info.plist; sourceTree = "<group>"; };
		C214491326A8EAD200E72E0E /* LoginViewControllerTests.swift */ = {isa = PBXFileReference; lastKnownFileType = sourcecode.swift; path = LoginViewControllerTests.swift; sourceTree = "<group>"; };
		C229113726AD916000C8EEE8 /* MovieDetails.swift */ = {isa = PBXFileReference; lastKnownFileType = sourcecode.swift; path = MovieDetails.swift; sourceTree = "<group>"; };
		C22E222126AB890300201EEC /* GenreMovieCollectionViewCell.swift */ = {isa = PBXFileReference; lastKnownFileType = sourcecode.swift; path = GenreMovieCollectionViewCell.swift; sourceTree = "<group>"; };
		C22E222226AB890300201EEC /* GenreMovieCollectionViewCell.xib */ = {isa = PBXFileReference; lastKnownFileType = file.xib; path = GenreMovieCollectionViewCell.xib; sourceTree = "<group>"; };
		C22E222526AB9DEF00201EEC /* MovieListingController.swift */ = {isa = PBXFileReference; lastKnownFileType = sourcecode.swift; path = MovieListingController.swift; sourceTree = "<group>"; };
		C23D9DA326B7018700A6308D /* UIImageView+Extensions.swift */ = {isa = PBXFileReference; lastKnownFileType = sourcecode.swift; path = "UIImageView+Extensions.swift"; sourceTree = "<group>"; };
		C23D9DA626B703BB00A6308D /* MoviePage.swift */ = {isa = PBXFileReference; lastKnownFileType = sourcecode.swift; path = MoviePage.swift; sourceTree = "<group>"; };
		C23D9DA826B7097700A6308D /* InfiniteMovieListingController.swift */ = {isa = PBXFileReference; lastKnownFileType = sourcecode.swift; path = InfiniteMovieListingController.swift; sourceTree = "<group>"; };
		C23D9DAA26B7200400A6308D /* MovieListingPageManager.swift */ = {isa = PBXFileReference; lastKnownFileType = sourcecode.swift; path = MovieListingPageManager.swift; sourceTree = "<group>"; };
		C23D9DAE26B721F800A6308D /* MovieSearchPager.swift */ = {isa = PBXFileReference; lastKnownFileType = sourcecode.swift; path = MovieSearchPager.swift; sourceTree = "<group>"; };
		C23D9DB026B7223E00A6308D /* FavouritesPager.swift */ = {isa = PBXFileReference; lastKnownFileType = sourcecode.swift; path = FavouritesPager.swift; sourceTree = "<group>"; };
		C23D9DB226B7225E00A6308D /* GenreMoviesPager.swift */ = {isa = PBXFileReference; lastKnownFileType = sourcecode.swift; path = GenreMoviesPager.swift; sourceTree = "<group>"; };
		C23D9DB426B723D600A6308D /* InfiniteMovieListingControllerDelegate.swift */ = {isa = PBXFileReference; lastKnownFileType = sourcecode.swift; path = InfiniteMovieListingControllerDelegate.swift; sourceTree = "<group>"; };
		C241A63D26AF97AF008E4EC5 /* WithLoadingIndicator.swift */ = {isa = PBXFileReference; lastKnownFileType = sourcecode.swift; path = WithLoadingIndicator.swift; sourceTree = "<group>"; };
		C250E46226AA2994008A95AF /* Genre.swift */ = {isa = PBXFileReference; lastKnownFileType = sourcecode.swift; path = Genre.swift; sourceTree = "<group>"; };
		C250E46426AA2D11008A95AF /* Main.storyboard */ = {isa = PBXFileReference; lastKnownFileType = file.storyboard; path = Main.storyboard; sourceTree = "<group>"; };
		C250E46626AA2DE4008A95AF /* DiscoverViewController.swift */ = {isa = PBXFileReference; lastKnownFileType = sourcecode.swift; path = DiscoverViewController.swift; sourceTree = "<group>"; };
		C250E46826AA2E78008A95AF /* GenreTableViewCell.swift */ = {isa = PBXFileReference; lastKnownFileType = sourcecode.swift; path = GenreTableViewCell.swift; sourceTree = "<group>"; };
		C250E46926AA2E78008A95AF /* GenreTableViewCell.xib */ = {isa = PBXFileReference; lastKnownFileType = file.xib; path = GenreTableViewCell.xib; sourceTree = "<group>"; };
		C250E46C26AA38CC008A95AF /* GenresResponse.swift */ = {isa = PBXFileReference; lastKnownFileType = sourcecode.swift; path = GenresResponse.swift; sourceTree = "<group>"; };
		C250E46E26AA3F0F008A95AF /* DiscoverMovieResponse.swift */ = {isa = PBXFileReference; lastKnownFileType = sourcecode.swift; path = DiscoverMovieResponse.swift; sourceTree = "<group>"; };
		C250E47026AA3F86008A95AF /* Movie.swift */ = {isa = PBXFileReference; lastKnownFileType = sourcecode.swift; path = Movie.swift; sourceTree = "<group>"; };
		C256A27426B4C06900E1B23D /* SessionIdCreation.swift */ = {isa = PBXFileReference; lastKnownFileType = sourcecode.swift; path = SessionIdCreation.swift; sourceTree = "<group>"; };
		C256A27626B4C38700E1B23D /* TokenValidationResponse.swift */ = {isa = PBXFileReference; lastKnownFileType = sourcecode.swift; path = TokenValidationResponse.swift; sourceTree = "<group>"; };
		C256A27826B4DF3000E1B23D /* FavouritesViewController.swift */ = {isa = PBXFileReference; lastKnownFileType = sourcecode.swift; path = FavouritesViewController.swift; sourceTree = "<group>"; };
		C25A6B1B26BA0373006A7EB5 /* AppendingMovieListingController.swift */ = {isa = PBXFileReference; lastKnownFileType = sourcecode.swift; path = AppendingMovieListingController.swift; sourceTree = "<group>"; };
		C26DBA8126B8BE340053DBD5 /* PeerViewController.swift */ = {isa = PBXFileReference; lastKnownFileType = sourcecode.swift; path = PeerViewController.swift; sourceTree = "<group>"; };
		C26DBA8326B8C6720053DBD5 /* MovieSharing.swift */ = {isa = PBXFileReference; lastKnownFileType = sourcecode.swift; path = MovieSharing.swift; sourceTree = "<group>"; };
		C26DBA8526B8C7F60053DBD5 /* MoViesC.entitlements */ = {isa = PBXFileReference; lastKnownFileType = text.plist.entitlements; path = MoViesC.entitlements; sourceTree = "<group>"; };
		C270630E26ADB5F7005F1470 /* WithSegues.swift */ = {isa = PBXFileReference; lastKnownFileType = sourcecode.swift; path = WithSegues.swift; sourceTree = "<group>"; };
		C273254826B0C803000D4AD0 /* SearchViewController.swift */ = {isa = PBXFileReference; lastKnownFileType = sourcecode.swift; path = SearchViewController.swift; sourceTree = "<group>"; };
		C273254A26B0D7C9000D4AD0 /* GenreMovieListingController.swift */ = {isa = PBXFileReference; lastKnownFileType = sourcecode.swift; path = GenreMovieListingController.swift; sourceTree = "<group>"; };
		C273254C26B0E335000D4AD0 /* RatedMovieCollectionViewCell.swift */ = {isa = PBXFileReference; lastKnownFileType = sourcecode.swift; path = RatedMovieCollectionViewCell.swift; sourceTree = "<group>"; };
		C273254D26B0E335000D4AD0 /* RatedMovieCollectionViewCell.xib */ = {isa = PBXFileReference; lastKnownFileType = file.xib; path = RatedMovieCollectionViewCell.xib; sourceTree = "<group>"; };
		C27F0B6D26B6FA6000D602D2 /* Notification.Name+Extensions.swift */ = {isa = PBXFileReference; lastKnownFileType = sourcecode.swift; path = "Notification.Name+Extensions.swift"; sourceTree = "<group>"; };
		C27F0B7026B6FAB400D602D2 /* LocalKeychainManager.swift */ = {isa = PBXFileReference; lastKnownFileType = sourcecode.swift; path = LocalKeychainManager.swift; sourceTree = "<group>"; };
		C27F0B7226B6FAD500D602D2 /* Session.swift */ = {isa = PBXFileReference; lastKnownFileType = sourcecode.swift; path = Session.swift; sourceTree = "<group>"; };
		C27F0B7426B6FAE900D602D2 /* UserCredentials.swift */ = {isa = PBXFileReference; lastKnownFileType = sourcecode.swift; path = UserCredentials.swift; sourceTree = "<group>"; };
		C28C45C726AF7399005BE8AA /* TheMovieDatabase.swift */ = {isa = PBXFileReference; lastKnownFileType = sourcecode.swift; path = TheMovieDatabase.swift; sourceTree = "<group>"; };
		C28C45C926AF7D0C005BE8AA /* GenreMovieCollectionReusableView.swift */ = {isa = PBXFileReference; lastKnownFileType = sourcecode.swift; path = GenreMovieCollectionReusableView.swift; sourceTree = "<group>"; };
		C28C45CA26AF7D0C005BE8AA /* GenreMovieCollectionReusableView.xib */ = {isa = PBXFileReference; lastKnownFileType = file.xib; path = GenreMovieCollectionReusableView.xib; sourceTree = "<group>"; };
		C28C45CD26AF8468005BE8AA /* GenreDetailsViewController.swift */ = {isa = PBXFileReference; lastKnownFileType = sourcecode.swift; path = GenreDetailsViewController.swift; sourceTree = "<group>"; };
		C29034DA26BB5C0F00A521E1 /* GradientOverlayView.swift */ = {isa = PBXFileReference; lastKnownFileType = sourcecode.swift; path = GradientOverlayView.swift; sourceTree = "<group>"; };
		C29034DC26BB6E7500A521E1 /* ErrorMessageManager.swift */ = {isa = PBXFileReference; lastKnownFileType = sourcecode.swift; path = ErrorMessageManager.swift; sourceTree = "<group>"; };
		C2A3023426A90698008BBA7D /* APIRoute.swift */ = {isa = PBXFileReference; fileEncoding = 4; lastKnownFileType = sourcecode.swift; path = APIRoute.swift; sourceTree = "<group>"; };
		C2A3023526A90698008BBA7D /* MovieDBRoute.swift */ = {isa = PBXFileReference; fileEncoding = 4; lastKnownFileType = sourcecode.swift; path = MovieDBRoute.swift; sourceTree = "<group>"; };
		C2A3023626A90698008BBA7D /* APIClient.swift */ = {isa = PBXFileReference; fileEncoding = 4; lastKnownFileType = sourcecode.swift; path = APIClient.swift; sourceTree = "<group>"; };
		C2A3023B26A908A5008BBA7D /* MovieDBRouteTests.swift */ = {isa = PBXFileReference; lastKnownFileType = sourcecode.swift; path = MovieDBRouteTests.swift; sourceTree = "<group>"; };
		C2A3023D26A909A8008BBA7D /* RequestTokenCreation.swift */ = {isa = PBXFileReference; fileEncoding = 4; lastKnownFileType = sourcecode.swift; path = RequestTokenCreation.swift; sourceTree = "<group>"; };
		C2D50BF426AC9AAB00FB6BF0 /* MovieDetailsViewController.swift */ = {isa = PBXFileReference; lastKnownFileType = sourcecode.swift; path = MovieDetailsViewController.swift; sourceTree = "<group>"; };
		C2F01D7626B2378C00D457F8 /* SessionManager.swift */ = {isa = PBXFileReference; fileEncoding = 4; lastKnownFileType = sourcecode.swift; path = SessionManager.swift; sourceTree = "<group>"; };
		C2FFB2F326B58B700008F3E9 /* AccountDetails.swift */ = {isa = PBXFileReference; lastKnownFileType = sourcecode.swift; path = AccountDetails.swift; sourceTree = "<group>"; };
		C2FFB2F526B5902C0008F3E9 /* MarkFavouriteResponse.swift */ = {isa = PBXFileReference; lastKnownFileType = sourcecode.swift; path = MarkFavouriteResponse.swift; sourceTree = "<group>"; };
		C2FFB2F926B5A35D0008F3E9 /* MainTabBarController.swift */ = {isa = PBXFileReference; lastKnownFileType = sourcecode.swift; path = MainTabBarController.swift; sourceTree = "<group>"; };
		DE11F0C1119F0B5CD4ED81FF /* Pods_MoViesC.framework */ = {isa = PBXFileReference; explicitFileType = wrapper.framework; includeInIndex = 0; path = Pods_MoViesC.framework; sourceTree = BUILT_PRODUCTS_DIR; };
/* End PBXFileReference section */

/* Begin PBXFrameworksBuildPhase section */
		C21448DD26A8E5E600E72E0E /* Frameworks */ = {
			isa = PBXFrameworksBuildPhase;
			buildActionMask = 2147483647;
			files = (
				78867BC61624D507DC192D11 /* Pods_MoViesC.framework in Frameworks */,
			);
			runOnlyForDeploymentPostprocessing = 0;
		};
		C21448F326A8E5E700E72E0E /* Frameworks */ = {
			isa = PBXFrameworksBuildPhase;
			buildActionMask = 2147483647;
			files = (
			);
			runOnlyForDeploymentPostprocessing = 0;
		};
/* End PBXFrameworksBuildPhase section */

/* Begin PBXGroup section */
		3830A92B29A4A57E546E860F /* Pods */ = {
			isa = PBXGroup;
			children = (
				1580DCB23B3FEBF5CD263BEF /* Pods-MoViesC.debug.xcconfig */,
				47AA0F744694FAE3B2932722 /* Pods-MoViesC.release.xcconfig */,
			);
			path = Pods;
			sourceTree = "<group>";
		};
		48C9B9B01B66804E9D62D8EF /* Frameworks */ = {
			isa = PBXGroup;
			children = (
				DE11F0C1119F0B5CD4ED81FF /* Pods_MoViesC.framework */,
			);
			name = Frameworks;
			sourceTree = "<group>";
		};
		C20615C126AC7CBD0085DF6F /* Controller */ = {
			isa = PBXGroup;
			children = (
				C23D9DA526B7034D00A6308D /* MovieListing */,
				C241A63C26AF979D008E4EC5 /* Protocols */,
				C2D50BF426AC9AAB00FB6BF0 /* MovieDetailsViewController.swift */,
				C256A27826B4DF3000E1B23D /* FavouritesViewController.swift */,
				C21448E726A8E5E600E72E0E /* LoginViewController.swift */,
				C250E46626AA2DE4008A95AF /* DiscoverViewController.swift */,
				C28C45CD26AF8468005BE8AA /* GenreDetailsViewController.swift */,
				C273254826B0C803000D4AD0 /* SearchViewController.swift */,
				C2FFB2F926B5A35D0008F3E9 /* MainTabBarController.swift */,
				C26DBA8126B8BE340053DBD5 /* PeerViewController.swift */,
				C26DBA8326B8C6720053DBD5 /* MovieSharing.swift */,
				C29034DC26BB6E7500A521E1 /* ErrorMessageManager.swift */,
			);
			path = Controller;
			sourceTree = "<group>";
		};
		C21448D726A8E5E600E72E0E = {
			isa = PBXGroup;
			children = (
				C21448E226A8E5E600E72E0E /* MoViesC */,
				C21448F926A8E5E700E72E0E /* MoViesCTests */,
				C21448E126A8E5E600E72E0E /* Products */,
				3830A92B29A4A57E546E860F /* Pods */,
				48C9B9B01B66804E9D62D8EF /* Frameworks */,
			);
			sourceTree = "<group>";
		};
		C21448E126A8E5E600E72E0E /* Products */ = {
			isa = PBXGroup;
			children = (
				C21448E026A8E5E600E72E0E /* MoViesC.app */,
				C21448F626A8E5E700E72E0E /* MoViesCTests.xctest */,
			);
			name = Products;
			sourceTree = "<group>";
		};
		C21448E226A8E5E600E72E0E /* MoViesC */ = {
			isa = PBXGroup;
			children = (
				C250E46126AA2985008A95AF /* Model */,
				C23D9DAC26B7204A00A6308D /* View */,
				C20615C126AC7CBD0085DF6F /* Controller */,
				C27F0B6C26B6FA0D00D602D2 /* Extensions */,
				C2A3023326A9068F008BBA7D /* Networking */,
				C21448E326A8E5E600E72E0E /* AppDelegate.swift */,
				C21448E526A8E5E600E72E0E /* SceneDelegate.swift */,
				C21448E926A8E5E600E72E0E /* Auth.storyboard */,
				C21448EC26A8E5E700E72E0E /* Assets.xcassets */,
				C21448EE26A8E5E700E72E0E /* LaunchScreen.storyboard */,
				C21448F126A8E5E700E72E0E /* Info.plist */,
				C250E46426AA2D11008A95AF /* Main.storyboard */,
				C26DBA8526B8C7F60053DBD5 /* MoViesC.entitlements */,
			);
			path = MoViesC;
			sourceTree = "<group>";
		};
		C21448F926A8E5E700E72E0E /* MoViesCTests */ = {
			isa = PBXGroup;
			children = (
				C2A3023B26A908A5008BBA7D /* MovieDBRouteTests.swift */,
				C21448FC26A8E5E700E72E0E /* Info.plist */,
				C214491326A8EAD200E72E0E /* LoginViewControllerTests.swift */,
			);
			path = MoViesCTests;
			sourceTree = "<group>";
		};
		C23D9DA526B7034D00A6308D /* MovieListing */ = {
			isa = PBXGroup;
			children = (
				C23D9DA626B703BB00A6308D /* MoviePage.swift */,
				C22E222526AB9DEF00201EEC /* MovieListingController.swift */,
				C25A6B1B26BA0373006A7EB5 /* AppendingMovieListingController.swift */,
				C273254A26B0D7C9000D4AD0 /* GenreMovieListingController.swift */,
				C23D9DA826B7097700A6308D /* InfiniteMovieListingController.swift */,
				C23D9DAA26B7200400A6308D /* MovieListingPageManager.swift */,
				C23D9DB426B723D600A6308D /* InfiniteMovieListingControllerDelegate.swift */,
			);
			path = MovieListing;
			sourceTree = "<group>";
		};
		C23D9DAC26B7204A00A6308D /* View */ = {
			isa = PBXGroup;
			children = (
				C250E46826AA2E78008A95AF /* GenreTableViewCell.swift */,
				C250E46926AA2E78008A95AF /* GenreTableViewCell.xib */,
				C22E222126AB890300201EEC /* GenreMovieCollectionViewCell.swift */,
				C22E222226AB890300201EEC /* GenreMovieCollectionViewCell.xib */,
				C28C45C926AF7D0C005BE8AA /* GenreMovieCollectionReusableView.swift */,
				C28C45CA26AF7D0C005BE8AA /* GenreMovieCollectionReusableView.xib */,
				C273254C26B0E335000D4AD0 /* RatedMovieCollectionViewCell.swift */,
				C273254D26B0E335000D4AD0 /* RatedMovieCollectionViewCell.xib */,
				C29034DA26BB5C0F00A521E1 /* GradientOverlayView.swift */,
			);
			path = View;
			sourceTree = "<group>";
		};
		C23D9DAD26B721D800A6308D /* MoveListingPagers */ = {
			isa = PBXGroup;
			children = (
				C23D9DAE26B721F800A6308D /* MovieSearchPager.swift */,
				C23D9DB026B7223E00A6308D /* FavouritesPager.swift */,
				C23D9DB226B7225E00A6308D /* GenreMoviesPager.swift */,
			);
			path = MoveListingPagers;
			sourceTree = "<group>";
		};
		C241A63C26AF979D008E4EC5 /* Protocols */ = {
			isa = PBXGroup;
			children = (
				C270630E26ADB5F7005F1470 /* WithSegues.swift */,
				C241A63D26AF97AF008E4EC5 /* WithLoadingIndicator.swift */,
			);
			path = Protocols;
			sourceTree = "<group>";
		};
		C250E46126AA2985008A95AF /* Model */ = {
			isa = PBXGroup;
			children = (
				C23D9DAD26B721D800A6308D /* MoveListingPagers */,
				C27F0B6F26B6FAA400D602D2 /* Authentication */,
				C20615C226AC7CCE0085DF6F /* MovieManager.swift */,
				C250E46226AA2994008A95AF /* Genre.swift */,
				C250E46C26AA38CC008A95AF /* GenresResponse.swift */,
				C250E46E26AA3F0F008A95AF /* DiscoverMovieResponse.swift */,
				C250E47026AA3F86008A95AF /* Movie.swift */,
				C229113726AD916000C8EEE8 /* MovieDetails.swift */,
				C28C45C726AF7399005BE8AA /* TheMovieDatabase.swift */,
				C2FFB2F326B58B700008F3E9 /* AccountDetails.swift */,
				C2FFB2F526B5902C0008F3E9 /* MarkFavouriteResponse.swift */,
			);
			path = Model;
			sourceTree = "<group>";
		};
		C27F0B6C26B6FA0D00D602D2 /* Extensions */ = {
			isa = PBXGroup;
			children = (
				C27F0B6D26B6FA6000D602D2 /* Notification.Name+Extensions.swift */,
				C23D9DA326B7018700A6308D /* UIImageView+Extensions.swift */,
			);
			path = Extensions;
			sourceTree = "<group>";
		};
		C27F0B6F26B6FAA400D602D2 /* Authentication */ = {
			isa = PBXGroup;
			children = (
				C2F01D7626B2378C00D457F8 /* SessionManager.swift */,
				C27F0B7026B6FAB400D602D2 /* LocalKeychainManager.swift */,
				C27F0B7226B6FAD500D602D2 /* Session.swift */,
				C27F0B7426B6FAE900D602D2 /* UserCredentials.swift */,
			);
			path = Authentication;
			sourceTree = "<group>";
		};
		C2A3023326A9068F008BBA7D /* Networking */ = {
			isa = PBXGroup;
			children = (
				C256A27626B4C38700E1B23D /* TokenValidationResponse.swift */,
				C2A3023D26A909A8008BBA7D /* RequestTokenCreation.swift */,
				C2A3023626A90698008BBA7D /* APIClient.swift */,
				C2A3023426A90698008BBA7D /* APIRoute.swift */,
				C2A3023526A90698008BBA7D /* MovieDBRoute.swift */,
				C256A27426B4C06900E1B23D /* SessionIdCreation.swift */,
			);
			path = Networking;
			sourceTree = "<group>";
		};
/* End PBXGroup section */

/* Begin PBXNativeTarget section */
		C21448DF26A8E5E600E72E0E /* MoViesC */ = {
			isa = PBXNativeTarget;
			buildConfigurationList = C214490A26A8E5E700E72E0E /* Build configuration list for PBXNativeTarget "MoViesC" */;
			buildPhases = (
				61F2E0673041B5DB3FD66588 /* [CP] Check Pods Manifest.lock */,
				C21448DC26A8E5E600E72E0E /* Sources */,
				C21448DD26A8E5E600E72E0E /* Frameworks */,
				C21448DE26A8E5E600E72E0E /* Resources */,
				80D55781818EBB91850C8418 /* [CP] Embed Pods Frameworks */,
				C2A3023026A900C9008BBA7D /* Run SwiftLint */,
			);
			buildRules = (
			);
			dependencies = (
			);
			name = MoViesC;
			productName = MoViesC;
			productReference = C21448E026A8E5E600E72E0E /* MoViesC.app */;
			productType = "com.apple.product-type.application";
		};
		C21448F526A8E5E700E72E0E /* MoViesCTests */ = {
			isa = PBXNativeTarget;
			buildConfigurationList = C214490D26A8E5E700E72E0E /* Build configuration list for PBXNativeTarget "MoViesCTests" */;
			buildPhases = (
				C21448F226A8E5E700E72E0E /* Sources */,
				C21448F326A8E5E700E72E0E /* Frameworks */,
				C21448F426A8E5E700E72E0E /* Resources */,
			);
			buildRules = (
			);
			dependencies = (
				C21448F826A8E5E700E72E0E /* PBXTargetDependency */,
			);
			name = MoViesCTests;
			productName = MoViesCTests;
			productReference = C21448F626A8E5E700E72E0E /* MoViesCTests.xctest */;
			productType = "com.apple.product-type.bundle.unit-test";
		};
/* End PBXNativeTarget section */

/* Begin PBXProject section */
		C21448D826A8E5E600E72E0E /* Project object */ = {
			isa = PBXProject;
			attributes = {
				LastSwiftUpdateCheck = 1250;
				LastUpgradeCheck = 1250;
				TargetAttributes = {
					C21448DF26A8E5E600E72E0E = {
						CreatedOnToolsVersion = 12.5.1;
					};
					C21448F526A8E5E700E72E0E = {
						CreatedOnToolsVersion = 12.5.1;
						TestTargetID = C21448DF26A8E5E600E72E0E;
					};
				};
			};
			buildConfigurationList = C21448DB26A8E5E600E72E0E /* Build configuration list for PBXProject "MoViesC" */;
			compatibilityVersion = "Xcode 9.3";
			developmentRegion = en;
			hasScannedForEncodings = 0;
			knownRegions = (
				en,
				Base,
			);
			mainGroup = C21448D726A8E5E600E72E0E;
			productRefGroup = C21448E126A8E5E600E72E0E /* Products */;
			projectDirPath = "";
			projectRoot = "";
			targets = (
				C21448DF26A8E5E600E72E0E /* MoViesC */,
				C21448F526A8E5E700E72E0E /* MoViesCTests */,
			);
		};
/* End PBXProject section */

/* Begin PBXResourcesBuildPhase section */
		C21448DE26A8E5E600E72E0E /* Resources */ = {
			isa = PBXResourcesBuildPhase;
			buildActionMask = 2147483647;
			files = (
				C273254F26B0E335000D4AD0 /* RatedMovieCollectionViewCell.xib in Resources */,
				C21448F026A8E5E700E72E0E /* LaunchScreen.storyboard in Resources */,
				C21448ED26A8E5E700E72E0E /* Assets.xcassets in Resources */,
				C22E222426AB890300201EEC /* GenreMovieCollectionViewCell.xib in Resources */,
				C28C45CC26AF7D0C005BE8AA /* GenreMovieCollectionReusableView.xib in Resources */,
				C21448EB26A8E5E600E72E0E /* Auth.storyboard in Resources */,
				C250E46B26AA2E78008A95AF /* GenreTableViewCell.xib in Resources */,
				C250E46526AA2D11008A95AF /* Main.storyboard in Resources */,
			);
			runOnlyForDeploymentPostprocessing = 0;
		};
		C21448F426A8E5E700E72E0E /* Resources */ = {
			isa = PBXResourcesBuildPhase;
			buildActionMask = 2147483647;
			files = (
			);
			runOnlyForDeploymentPostprocessing = 0;
		};
/* End PBXResourcesBuildPhase section */

/* Begin PBXShellScriptBuildPhase section */
		61F2E0673041B5DB3FD66588 /* [CP] Check Pods Manifest.lock */ = {
			isa = PBXShellScriptBuildPhase;
			buildActionMask = 2147483647;
			files = (
			);
			inputFileListPaths = (
			);
			inputPaths = (
				"${PODS_PODFILE_DIR_PATH}/Podfile.lock",
				"${PODS_ROOT}/Manifest.lock",
			);
			name = "[CP] Check Pods Manifest.lock";
			outputFileListPaths = (
			);
			outputPaths = (
				"$(DERIVED_FILE_DIR)/Pods-MoViesC-checkManifestLockResult.txt",
			);
			runOnlyForDeploymentPostprocessing = 0;
			shellPath = /bin/sh;
			shellScript = "diff \"${PODS_PODFILE_DIR_PATH}/Podfile.lock\" \"${PODS_ROOT}/Manifest.lock\" > /dev/null\nif [ $? != 0 ] ; then\n    # print error to STDERR\n    echo \"error: The sandbox is not in sync with the Podfile.lock. Run 'pod install' or update your CocoaPods installation.\" >&2\n    exit 1\nfi\n# This output is used by Xcode 'outputs' to avoid re-running this script phase.\necho \"SUCCESS\" > \"${SCRIPT_OUTPUT_FILE_0}\"\n";
			showEnvVarsInLog = 0;
		};
		80D55781818EBB91850C8418 /* [CP] Embed Pods Frameworks */ = {
			isa = PBXShellScriptBuildPhase;
			buildActionMask = 2147483647;
			files = (
			);
			inputFileListPaths = (
				"${PODS_ROOT}/Target Support Files/Pods-MoViesC/Pods-MoViesC-frameworks-${CONFIGURATION}-input-files.xcfilelist",
			);
			name = "[CP] Embed Pods Frameworks";
			outputFileListPaths = (
				"${PODS_ROOT}/Target Support Files/Pods-MoViesC/Pods-MoViesC-frameworks-${CONFIGURATION}-output-files.xcfilelist",
			);
			runOnlyForDeploymentPostprocessing = 0;
			shellPath = /bin/sh;
			shellScript = "\"${PODS_ROOT}/Target Support Files/Pods-MoViesC/Pods-MoViesC-frameworks.sh\"\n";
			showEnvVarsInLog = 0;
		};
		C2A3023026A900C9008BBA7D /* Run SwiftLint */ = {
			isa = PBXShellScriptBuildPhase;
			buildActionMask = 2147483647;
			files = (
			);
			inputFileListPaths = (
			);
			inputPaths = (
			);
			name = "Run SwiftLint";
			outputFileListPaths = (
			);
			outputPaths = (
			);
			runOnlyForDeploymentPostprocessing = 0;
			shellPath = /bin/sh;
			shellScript = "\"${PODS_ROOT}/SwiftLint/swiftlint\" autocorrect && \"${PODS_ROOT}/SwiftLint/swiftlint\"\n";
		};
/* End PBXShellScriptBuildPhase section */

/* Begin PBXSourcesBuildPhase section */
		C21448DC26A8E5E600E72E0E /* Sources */ = {
			isa = PBXSourcesBuildPhase;
			buildActionMask = 2147483647;
			files = (
				C27F0B6E26B6FA6000D602D2 /* Notification.Name+Extensions.swift in Sources */,
				C250E46F26AA3F0F008A95AF /* DiscoverMovieResponse.swift in Sources */,
				C23D9DAB26B7200400A6308D /* MovieListingPageManager.swift in Sources */,
				C270630F26ADB5F7005F1470 /* WithSegues.swift in Sources */,
				C2FFB2FA26B5A35D0008F3E9 /* MainTabBarController.swift in Sources */,
				C22E222326AB890300201EEC /* GenreMovieCollectionViewCell.swift in Sources */,
				C20615C326AC7CCE0085DF6F /* MovieManager.swift in Sources */,
				C22E222626AB9DEF00201EEC /* MovieListingController.swift in Sources */,
				C2FFB2F626B5902C0008F3E9 /* MarkFavouriteResponse.swift in Sources */,
				C27F0B7326B6FAD500D602D2 /* Session.swift in Sources */,
				C250E46726AA2DE4008A95AF /* DiscoverViewController.swift in Sources */,
				C2A3023E26A909A8008BBA7D /* RequestTokenCreation.swift in Sources */,
				C26DBA8226B8BE340053DBD5 /* PeerViewController.swift in Sources */,
				C29034DD26BB6E7500A521E1 /* ErrorMessageManager.swift in Sources */,
				C21448E826A8E5E600E72E0E /* LoginViewController.swift in Sources */,
				C21448E426A8E5E600E72E0E /* AppDelegate.swift in Sources */,
				C2A3023726A90698008BBA7D /* APIRoute.swift in Sources */,
				C2A3023826A90698008BBA7D /* MovieDBRoute.swift in Sources */,
				C2F01D7726B2378C00D457F8 /* SessionManager.swift in Sources */,
				C2FFB2F426B58B700008F3E9 /* AccountDetails.swift in Sources */,
				C23D9DA726B703BB00A6308D /* MoviePage.swift in Sources */,
				C21448E626A8E5E600E72E0E /* SceneDelegate.swift in Sources */,
				C273254B26B0D7C9000D4AD0 /* GenreMovieListingController.swift in Sources */,
				C28C45CE26AF8468005BE8AA /* GenreDetailsViewController.swift in Sources */,
				C273254E26B0E335000D4AD0 /* RatedMovieCollectionViewCell.swift in Sources */,
				C29034DB26BB5C0F00A521E1 /* GradientOverlayView.swift in Sources */,
				C250E47126AA3F86008A95AF /* Movie.swift in Sources */,
				C250E46A26AA2E78008A95AF /* GenreTableViewCell.swift in Sources */,
				C256A27926B4DF3000E1B23D /* FavouritesViewController.swift in Sources */,
				C26DBA8426B8C6720053DBD5 /* MovieSharing.swift in Sources */,
				C23D9DA426B7018700A6308D /* UIImageView+Extensions.swift in Sources */,
				C250E46D26AA38CC008A95AF /* GenresResponse.swift in Sources */,
				C23D9DA926B7097700A6308D /* InfiniteMovieListingController.swift in Sources */,
				C241A63E26AF97AF008E4EC5 /* WithLoadingIndicator.swift in Sources */,
				C256A27726B4C38700E1B23D /* TokenValidationResponse.swift in Sources */,
				C256A27526B4C06900E1B23D /* SessionIdCreation.swift in Sources */,
				C2A3023926A90698008BBA7D /* APIClient.swift in Sources */,
				C27F0B7126B6FAB400D602D2 /* LocalKeychainManager.swift in Sources */,
				C25A6B1C26BA0373006A7EB5 /* AppendingMovieListingController.swift in Sources */,
				C23D9DB526B723D600A6308D /* InfiniteMovieListingControllerDelegate.swift in Sources */,
				C273254926B0C803000D4AD0 /* SearchViewController.swift in Sources */,
				C250E46326AA2994008A95AF /* Genre.swift in Sources */,
				C23D9DB326B7225E00A6308D /* GenreMoviesPager.swift in Sources */,
				C2D50BF526AC9AAB00FB6BF0 /* MovieDetailsViewController.swift in Sources */,
				C28C45CB26AF7D0C005BE8AA /* GenreMovieCollectionReusableView.swift in Sources */,
				C23D9DAF26B721F800A6308D /* MovieSearchPager.swift in Sources */,
				C27F0B7526B6FAE900D602D2 /* UserCredentials.swift in Sources */,
				C229113826AD916000C8EEE8 /* MovieDetails.swift in Sources */,
				C28C45C826AF7399005BE8AA /* TheMovieDatabase.swift in Sources */,
				C23D9DB126B7223E00A6308D /* FavouritesPager.swift in Sources */,
			);
			runOnlyForDeploymentPostprocessing = 0;
		};
		C21448F226A8E5E700E72E0E /* Sources */ = {
			isa = PBXSourcesBuildPhase;
			buildActionMask = 2147483647;
			files = (
				C2A3023C26A908A5008BBA7D /* MovieDBRouteTests.swift in Sources */,
				C214491426A8EAD200E72E0E /* LoginViewControllerTests.swift in Sources */,
			);
			runOnlyForDeploymentPostprocessing = 0;
		};
/* End PBXSourcesBuildPhase section */

/* Begin PBXTargetDependency section */
		C21448F826A8E5E700E72E0E /* PBXTargetDependency */ = {
			isa = PBXTargetDependency;
			target = C21448DF26A8E5E600E72E0E /* MoViesC */;
			targetProxy = C21448F726A8E5E700E72E0E /* PBXContainerItemProxy */;
		};
/* End PBXTargetDependency section */

/* Begin PBXVariantGroup section */
		C21448E926A8E5E600E72E0E /* Auth.storyboard */ = {
			isa = PBXVariantGroup;
			children = (
				C21448EA26A8E5E600E72E0E /* Base */,
			);
			name = Auth.storyboard;
			sourceTree = "<group>";
		};
		C21448EE26A8E5E700E72E0E /* LaunchScreen.storyboard */ = {
			isa = PBXVariantGroup;
			children = (
				C21448EF26A8E5E700E72E0E /* Base */,
			);
			name = LaunchScreen.storyboard;
			sourceTree = "<group>";
		};
/* End PBXVariantGroup section */

/* Begin XCBuildConfiguration section */
		C214490826A8E5E700E72E0E /* Debug */ = {
			isa = XCBuildConfiguration;
			buildSettings = {
				ALWAYS_SEARCH_USER_PATHS = NO;
				CLANG_ANALYZER_NONNULL = YES;
				CLANG_ANALYZER_NUMBER_OBJECT_CONVERSION = YES_AGGRESSIVE;
				CLANG_CXX_LANGUAGE_STANDARD = "gnu++14";
				CLANG_CXX_LIBRARY = "libc++";
				CLANG_ENABLE_MODULES = YES;
				CLANG_ENABLE_OBJC_ARC = YES;
				CLANG_ENABLE_OBJC_WEAK = YES;
				CLANG_WARN_BLOCK_CAPTURE_AUTORELEASING = YES;
				CLANG_WARN_BOOL_CONVERSION = YES;
				CLANG_WARN_COMMA = YES;
				CLANG_WARN_CONSTANT_CONVERSION = YES;
				CLANG_WARN_DEPRECATED_OBJC_IMPLEMENTATIONS = YES;
				CLANG_WARN_DIRECT_OBJC_ISA_USAGE = YES_ERROR;
				CLANG_WARN_DOCUMENTATION_COMMENTS = YES;
				CLANG_WARN_EMPTY_BODY = YES;
				CLANG_WARN_ENUM_CONVERSION = YES;
				CLANG_WARN_INFINITE_RECURSION = YES;
				CLANG_WARN_INT_CONVERSION = YES;
				CLANG_WARN_NON_LITERAL_NULL_CONVERSION = YES;
				CLANG_WARN_OBJC_IMPLICIT_RETAIN_SELF = YES;
				CLANG_WARN_OBJC_LITERAL_CONVERSION = YES;
				CLANG_WARN_OBJC_ROOT_CLASS = YES_ERROR;
				CLANG_WARN_QUOTED_INCLUDE_IN_FRAMEWORK_HEADER = YES;
				CLANG_WARN_RANGE_LOOP_ANALYSIS = YES;
				CLANG_WARN_STRICT_PROTOTYPES = YES;
				CLANG_WARN_SUSPICIOUS_MOVE = YES;
				CLANG_WARN_UNGUARDED_AVAILABILITY = YES_AGGRESSIVE;
				CLANG_WARN_UNREACHABLE_CODE = YES;
				CLANG_WARN__DUPLICATE_METHOD_MATCH = YES;
				COPY_PHASE_STRIP = NO;
				DEBUG_INFORMATION_FORMAT = dwarf;
				ENABLE_STRICT_OBJC_MSGSEND = YES;
				ENABLE_TESTABILITY = YES;
				GCC_C_LANGUAGE_STANDARD = gnu11;
				GCC_DYNAMIC_NO_PIC = NO;
				GCC_NO_COMMON_BLOCKS = YES;
				GCC_OPTIMIZATION_LEVEL = 0;
				GCC_PREPROCESSOR_DEFINITIONS = (
					"DEBUG=1",
					"$(inherited)",
				);
				GCC_WARN_64_TO_32_BIT_CONVERSION = YES;
				GCC_WARN_ABOUT_RETURN_TYPE = YES_ERROR;
				GCC_WARN_UNDECLARED_SELECTOR = YES;
				GCC_WARN_UNINITIALIZED_AUTOS = YES_AGGRESSIVE;
				GCC_WARN_UNUSED_FUNCTION = YES;
				GCC_WARN_UNUSED_VARIABLE = YES;
				IPHONEOS_DEPLOYMENT_TARGET = 14.5;
				MTL_ENABLE_DEBUG_INFO = INCLUDE_SOURCE;
				MTL_FAST_MATH = YES;
				ONLY_ACTIVE_ARCH = YES;
				SDKROOT = iphoneos;
				SWIFT_ACTIVE_COMPILATION_CONDITIONS = DEBUG;
				SWIFT_OPTIMIZATION_LEVEL = "-Onone";
			};
			name = Debug;
		};
		C214490926A8E5E700E72E0E /* Release */ = {
			isa = XCBuildConfiguration;
			buildSettings = {
				ALWAYS_SEARCH_USER_PATHS = NO;
				CLANG_ANALYZER_NONNULL = YES;
				CLANG_ANALYZER_NUMBER_OBJECT_CONVERSION = YES_AGGRESSIVE;
				CLANG_CXX_LANGUAGE_STANDARD = "gnu++14";
				CLANG_CXX_LIBRARY = "libc++";
				CLANG_ENABLE_MODULES = YES;
				CLANG_ENABLE_OBJC_ARC = YES;
				CLANG_ENABLE_OBJC_WEAK = YES;
				CLANG_WARN_BLOCK_CAPTURE_AUTORELEASING = YES;
				CLANG_WARN_BOOL_CONVERSION = YES;
				CLANG_WARN_COMMA = YES;
				CLANG_WARN_CONSTANT_CONVERSION = YES;
				CLANG_WARN_DEPRECATED_OBJC_IMPLEMENTATIONS = YES;
				CLANG_WARN_DIRECT_OBJC_ISA_USAGE = YES_ERROR;
				CLANG_WARN_DOCUMENTATION_COMMENTS = YES;
				CLANG_WARN_EMPTY_BODY = YES;
				CLANG_WARN_ENUM_CONVERSION = YES;
				CLANG_WARN_INFINITE_RECURSION = YES;
				CLANG_WARN_INT_CONVERSION = YES;
				CLANG_WARN_NON_LITERAL_NULL_CONVERSION = YES;
				CLANG_WARN_OBJC_IMPLICIT_RETAIN_SELF = YES;
				CLANG_WARN_OBJC_LITERAL_CONVERSION = YES;
				CLANG_WARN_OBJC_ROOT_CLASS = YES_ERROR;
				CLANG_WARN_QUOTED_INCLUDE_IN_FRAMEWORK_HEADER = YES;
				CLANG_WARN_RANGE_LOOP_ANALYSIS = YES;
				CLANG_WARN_STRICT_PROTOTYPES = YES;
				CLANG_WARN_SUSPICIOUS_MOVE = YES;
				CLANG_WARN_UNGUARDED_AVAILABILITY = YES_AGGRESSIVE;
				CLANG_WARN_UNREACHABLE_CODE = YES;
				CLANG_WARN__DUPLICATE_METHOD_MATCH = YES;
				COPY_PHASE_STRIP = NO;
				DEBUG_INFORMATION_FORMAT = "dwarf-with-dsym";
				ENABLE_NS_ASSERTIONS = NO;
				ENABLE_STRICT_OBJC_MSGSEND = YES;
				GCC_C_LANGUAGE_STANDARD = gnu11;
				GCC_NO_COMMON_BLOCKS = YES;
				GCC_WARN_64_TO_32_BIT_CONVERSION = YES;
				GCC_WARN_ABOUT_RETURN_TYPE = YES_ERROR;
				GCC_WARN_UNDECLARED_SELECTOR = YES;
				GCC_WARN_UNINITIALIZED_AUTOS = YES_AGGRESSIVE;
				GCC_WARN_UNUSED_FUNCTION = YES;
				GCC_WARN_UNUSED_VARIABLE = YES;
				IPHONEOS_DEPLOYMENT_TARGET = 14.5;
				MTL_ENABLE_DEBUG_INFO = NO;
				MTL_FAST_MATH = YES;
				SDKROOT = iphoneos;
				SWIFT_COMPILATION_MODE = wholemodule;
				SWIFT_OPTIMIZATION_LEVEL = "-O";
				VALIDATE_PRODUCT = YES;
			};
			name = Release;
		};
		C214490B26A8E5E700E72E0E /* Debug */ = {
			isa = XCBuildConfiguration;
			baseConfigurationReference = 1580DCB23B3FEBF5CD263BEF /* Pods-MoViesC.debug.xcconfig */;
			buildSettings = {
				ASSETCATALOG_COMPILER_APPICON_NAME = AppIcon;
				ASSETCATALOG_COMPILER_GLOBAL_ACCENT_COLOR_NAME = AccentColor;
				CODE_SIGN_ENTITLEMENTS = MoViesC/MoViesC.entitlements;
				CODE_SIGN_STYLE = Automatic;
				INFOPLIST_FILE = MoViesC/Info.plist;
				IPHONEOS_DEPLOYMENT_TARGET = 13.0;
				LD_RUNPATH_SEARCH_PATHS = (
					"$(inherited)",
					"@executable_path/Frameworks",
				);
				PRODUCT_BUNDLE_IDENTIFIER = com.lucasloisp.MoViesC;
				PRODUCT_NAME = "$(TARGET_NAME)";
				SWIFT_VERSION = 5.0;
				TARGETED_DEVICE_FAMILY = 1;
			};
			name = Debug;
		};
		C214490C26A8E5E700E72E0E /* Release */ = {
			isa = XCBuildConfiguration;
			baseConfigurationReference = 47AA0F744694FAE3B2932722 /* Pods-MoViesC.release.xcconfig */;
			buildSettings = {
				ASSETCATALOG_COMPILER_APPICON_NAME = AppIcon;
				ASSETCATALOG_COMPILER_GLOBAL_ACCENT_COLOR_NAME = AccentColor;
				CODE_SIGN_ENTITLEMENTS = MoViesC/MoViesC.entitlements;
				CODE_SIGN_STYLE = Automatic;
				INFOPLIST_FILE = MoViesC/Info.plist;
				IPHONEOS_DEPLOYMENT_TARGET = 13.0;
				LD_RUNPATH_SEARCH_PATHS = (
					"$(inherited)",
					"@executable_path/Frameworks",
				);
				PRODUCT_BUNDLE_IDENTIFIER = com.lucasloisp.MoViesC;
				PRODUCT_NAME = "$(TARGET_NAME)";
				SWIFT_VERSION = 5.0;
				TARGETED_DEVICE_FAMILY = 1;
			};
			name = Release;
		};
		C214490E26A8E5E700E72E0E /* Debug */ = {
			isa = XCBuildConfiguration;
			buildSettings = {
				ALWAYS_EMBED_SWIFT_STANDARD_LIBRARIES = YES;
				BUNDLE_LOADER = "$(TEST_HOST)";
				CODE_SIGN_STYLE = Automatic;
				INFOPLIST_FILE = MoViesCTests/Info.plist;
				IPHONEOS_DEPLOYMENT_TARGET = 13.0;
				LD_RUNPATH_SEARCH_PATHS = (
					"$(inherited)",
					"@executable_path/Frameworks",
					"@loader_path/Frameworks",
				);
				PRODUCT_BUNDLE_IDENTIFIER = com.lucasloisp.MoViesCTests;
				PRODUCT_NAME = "$(TARGET_NAME)";
				SWIFT_VERSION = 5.0;
				TARGETED_DEVICE_FAMILY = "1,2";
				TEST_HOST = "$(BUILT_PRODUCTS_DIR)/MoViesC.app/MoViesC";
			};
			name = Debug;
		};
		C214490F26A8E5E700E72E0E /* Release */ = {
			isa = XCBuildConfiguration;
			buildSettings = {
				ALWAYS_EMBED_SWIFT_STANDARD_LIBRARIES = YES;
				BUNDLE_LOADER = "$(TEST_HOST)";
				CODE_SIGN_STYLE = Automatic;
				INFOPLIST_FILE = MoViesCTests/Info.plist;
				IPHONEOS_DEPLOYMENT_TARGET = 13.0;
				LD_RUNPATH_SEARCH_PATHS = (
					"$(inherited)",
					"@executable_path/Frameworks",
					"@loader_path/Frameworks",
				);
				PRODUCT_BUNDLE_IDENTIFIER = com.lucasloisp.MoViesCTests;
				PRODUCT_NAME = "$(TARGET_NAME)";
				SWIFT_VERSION = 5.0;
				TARGETED_DEVICE_FAMILY = "1,2";
				TEST_HOST = "$(BUILT_PRODUCTS_DIR)/MoViesC.app/MoViesC";
			};
			name = Release;
		};
/* End XCBuildConfiguration section */

/* Begin XCConfigurationList section */
		C21448DB26A8E5E600E72E0E /* Build configuration list for PBXProject "MoViesC" */ = {
			isa = XCConfigurationList;
			buildConfigurations = (
				C214490826A8E5E700E72E0E /* Debug */,
				C214490926A8E5E700E72E0E /* Release */,
			);
			defaultConfigurationIsVisible = 0;
			defaultConfigurationName = Release;
		};
		C214490A26A8E5E700E72E0E /* Build configuration list for PBXNativeTarget "MoViesC" */ = {
			isa = XCConfigurationList;
			buildConfigurations = (
				C214490B26A8E5E700E72E0E /* Debug */,
				C214490C26A8E5E700E72E0E /* Release */,
			);
			defaultConfigurationIsVisible = 0;
			defaultConfigurationName = Release;
		};
		C214490D26A8E5E700E72E0E /* Build configuration list for PBXNativeTarget "MoViesCTests" */ = {
			isa = XCConfigurationList;
			buildConfigurations = (
				C214490E26A8E5E700E72E0E /* Debug */,
				C214490F26A8E5E700E72E0E /* Release */,
			);
			defaultConfigurationIsVisible = 0;
			defaultConfigurationName = Release;
		};
/* End XCConfigurationList section */
	};
	rootObject = C21448D826A8E5E600E72E0E /* Project object */;
}
